<Solution>
  <Folder Name="/AI/">
    <File Path="../CLAUDE.md" />
  </Folder>
  <Folder Name="/Gateway/">
    <Project Path="src/Gateway.Api/Gateway.Api.csproj" />
  </Folder>
  <Project Path="Shoppiness.AppHost/Shoppiness.AppHost.csproj" />
  <Project Path="Shoppiness.ServiceDefaults/Shoppiness.ServiceDefaults.csproj" />
  <Project Path="src/Shared.ServiceBus/Shared.ServiceBus.csproj" />
  <Project Path="src/SharedContracts/SharedContracts.csproj" />
  <Project Path="src/Shoppiness.NotificationService/Shoppiness.NotificationService.csproj" />
  <Project Path="src\ProductService.Domain\ProductService.Domain.csproj" />
  <Project Path="src\ProductService.Infrastructure\ProductService.Infrastructure.csproj" />
  <Project Path="src\Shoppiness.PaymentsService\Shoppiness.PaymentsService.csproj" />
  <Project Path="src\Shoppiness.ProductsService\Shoppiness.ProductsService.csproj" />
  <Project Path="src\Shoppiness.StocksService\Shoppiness.StocksService.csproj" />
  <Project Path="src\StockService.Domain\StockService.Domain.csproj" />
  <Project Path="src\StockService.Infrastructure\StockService.Infrastructure.csproj" />
</Solution>
